{
  "name": "rollup-use-library-pgn-parser40",
  "version": "1.0.0",
  "lockfileVersion": 2,
  "requires": true,
  "packages": {
    "": {
      "name": "rollup-use-library-pgn-parser40",
      "version": "1.0.0",
      "license": "ISC",
      "dependencies": {
        "@mliebelt/pgn-parser": "1.4.3"
      }
    },
    "node_modules/@mliebelt/pgn-parser": {
      "version": "1.4.3",
      "resolved": "https://registry.npmjs.org/@mliebelt/pgn-parser/-/pgn-parser-1.4.3.tgz",
      "integrity": "sha512-nXZlygmDpWpOH2gIfVBux5Jg4cpiLo9gUE+rJ9sK8hJx7zAQ7K1Jpl8yMNWNgdJWCMNo32WSkBusH1bGEfG/Sw==",
      "bin": {
        "pgn-parser": "bin/pgn-to-json.js"
      }
    }
  },
  "dependencies": {
    "@mliebelt/pgn-parser": {
      "version": "1.4.3",
      "resolved": "https://registry.npmjs.org/@mliebelt/pgn-parser/-/pgn-parser-1.4.3.tgz",
      "integrity": "sha512-nXZlygmDpWpOH2gIfVBux5Jg4cpiLo9gUE+rJ9sK8hJx7zAQ7K1Jpl8yMNWNgdJWCMNo32WSkBusH1bGEfG/Sw=="
    }
  }
}
