{
  "name": "rollup-use-library-pgn-parser40",
  "version": "1.0.0",
  "lockfileVersion": 2,
  "requires": true,
  "packages": {
    "": {
      "name": "rollup-use-library-pgn-parser40",
      "version": "1.0.0",
      "license": "ISC",
      "dependencies": {
        "@mliebelt/pgn-parser": "1.4.2"
      }
    },
    "node_modules/@mliebelt/pgn-parser": {
      "version": "1.4.2",
      "resolved": "https://registry.npmjs.org/@mliebelt/pgn-parser/-/pgn-parser-1.4.2.tgz",
      "integrity": "sha512-R7OkRyVFMN8Z9/w3XmPuRpNETi0jdUk2FPw96DuKovcgjvsObS5Tij45Q4OlSlX3s2enCUoyFDiN+tGRSj8muA==",
      "bin": {
        "pgn-parser": "bin/pgn-to-json.js"
      }
    }
  },
  "dependencies": {
    "@mliebelt/pgn-parser": {
      "version": "1.4.2",
      "resolved": "https://registry.npmjs.org/@mliebelt/pgn-parser/-/pgn-parser-1.4.2.tgz",
      "integrity": "sha512-R7OkRyVFMN8Z9/w3XmPuRpNETi0jdUk2FPw96DuKovcgjvsObS5Tij45Q4OlSlX3s2enCUoyFDiN+tGRSj8muA=="
    }
  }
}
