{
  "name": "rollup-use-library-pgn-parser40",
  "version": "1.0.0",
  "lockfileVersion": 2,
  "requires": true,
  "packages": {
    "": {
      "name": "rollup-use-library-pgn-parser40",
      "version": "1.0.0",
      "license": "ISC",
      "dependencies": {
        "@mliebelt/pgn-parser": "1.4.1"
      }
    },
    "node_modules/@mliebelt/pgn-parser": {
      "version": "1.4.1",
      "resolved": "https://registry.npmjs.org/@mliebelt/pgn-parser/-/pgn-parser-1.4.1.tgz",
      "integrity": "sha512-8j/ZjaFpHjQyG9oRsFhSMQCKuOzl8LJMqBqqOPQA/tekKs4pyc90DASqflIKR7h1/umn2sb7qORY9Zw5WyWIQA==",
      "bin": {
        "pgn-parser": "bin/pgn-to-json.js"
      }
    }
  },
  "dependencies": {
    "@mliebelt/pgn-parser": {
      "version": "1.4.1",
      "resolved": "https://registry.npmjs.org/@mliebelt/pgn-parser/-/pgn-parser-1.4.1.tgz",
      "integrity": "sha512-8j/ZjaFpHjQyG9oRsFhSMQCKuOzl8LJMqBqqOPQA/tekKs4pyc90DASqflIKR7h1/umn2sb7qORY9Zw5WyWIQA=="
    }
  }
}
